// !$*UTF8*$!
{
	archiveVersion = 1;
	classes = {
	};
	objectVersion = 46;
	objects = {

/* Begin PBXBuildFile section */
		DD40F8E91D4723A500AA2A29 /* main.m in Sources */ = {isa = PBXBuildFile; fileRef = DD40F8E81D4723A500AA2A29 /* main.m */; };
		DD40F8EC1D4723A500AA2A29 /* AppDelegate.m in Sources */ = {isa = PBXBuildFile; fileRef = DD40F8EB1D4723A500AA2A29 /* AppDelegate.m */; };
		DD40F8EF1D4723A500AA2A29 /* ViewController.m in Sources */ = {isa = PBXBuildFile; fileRef = DD40F8EE1D4723A500AA2A29 /* ViewController.m */; };
		DD40F8F21D4723A500AA2A29 /* Main.storyboard in Resources */ = {isa = PBXBuildFile; fileRef = DD40F8F01D4723A500AA2A29 /* Main.storyboard */; };
		DD40F8F41D4723A500AA2A29 /* Assets.xcassets in Resources */ = {isa = PBXBuildFile; fileRef = DD40F8F31D4723A500AA2A29 /* Assets.xcassets */; };
		DD40F8F71D4723A500AA2A29 /* LaunchScreen.storyboard in Resources */ = {isa = PBXBuildFile; fileRef = DD40F8F51D4723A500AA2A29 /* LaunchScreen.storyboard */; };
		DD40F9051D4723E900AA2A29 /* ATToolBar.m in Sources */ = {isa = PBXBuildFile; fileRef = DD40F9041D4723E900AA2A29 /* ATToolBar.m */; };
/* End PBXBuildFile section */

/* Begin PBXFileReference section */
		DD40F8E41D4723A500AA2A29 /* ATToolBar.app */ = {isa = PBXFileReference; explicitFileType = wrapper.application; includeInIndex = 0; path = ATToolBar.app; sourceTree = BUILT_PRODUCTS_DIR; };
		DD40F8E81D4723A500AA2A29 /* main.m */ = {isa = PBXFileReference; lastKnownFileType = sourcecode.c.objc; path = main.m; sourceTree = "<group>"; };
		DD40F8EA1D4723A500AA2A29 /* AppDelegate.h */ = {isa = PBXFileReference; lastKnownFileType = sourcecode.c.h; path = AppDelegate.h; sourceTree = "<group>"; };
		DD40F8EB1D4723A500AA2A29 /* AppDelegate.m */ = {isa = PBXFileReference; lastKnownFileType = sourcecode.c.objc; path = AppDelegate.m; sourceTree = "<group>"; };
		DD40F8ED1D4723A500AA2A29 /* ViewController.h */ = {isa = PBXFileReference; lastKnownFileType = sourcecode.c.h; path = ViewController.h; sourceTree = "<group>"; };
		DD40F8EE1D4723A500AA2A29 /* ViewController.m */ = {isa = PBXFileReference; lastKnownFileType = sourcecode.c.objc; path = ViewController.m; sourceTree = "<group>"; };
		DD40F8F11D4723A500AA2A29 /* Base */ = {isa = PBXFileReference; lastKnownFileType = file.storyboard; name = Base; path = Base.lproj/Main.storyboard; sourceTree = "<group>"; };
		DD40F8F31D4723A500AA2A29 /* Assets.xcassets */ = {isa = PBXFileReference; lastKnownFileType = folder.assetcatalog; path = Assets.xcassets; sourceTree = "<group>"; };
		DD40F8F61D4723A500AA2A29 /* Base */ = {isa = PBXFileReference; lastKnownFileType = file.storyboard; name = Base; path = Base.lproj/LaunchScreen.storyboard; sourceTree = "<group>"; };
		DD40F8F81D4723A500AA2A29 /* Info.plist */ = {isa = PBXFileReference; lastKnownFileType = text.plist.xml; path = Info.plist; sourceTree = "<group>"; };
		DD40F9031D4723E900AA2A29 /* ATToolBar.h */ = {isa = PBXFileReference; fileEncoding = 4; lastKnownFileType = sourcecode.c.h; path = ATToolBar.h; sourceTree = "<group>"; };
		DD40F9041D4723E900AA2A29 /* ATToolBar.m */ = {isa = PBXFileReference; fileEncoding = 4; lastKnownFileType = sourcecode.c.objc; path = ATToolBar.m; sourceTree = "<group>"; };
/* End PBXFileReference section */

/* Begin PBXFrameworksBuildPhase section */
		DD40F8E11D4723A500AA2A29 /* Frameworks */ = {
			isa = PBXFrameworksBuildPhase;
			buildActionMask = 2147483647;
			files = (
			);
			runOnlyForDeploymentPostprocessing = 0;
		};
/* End PBXFrameworksBuildPhase section */

/* Begin PBXGroup section */
		DD40F8DB1D4723A500AA2A29 = {
			isa = PBXGroup;
			children = (
				DD40F8E61D4723A500AA2A29 /* ATToolBar */,
				DD40F8E51D4723A500AA2A29 /* Products */,
			);
			sourceTree = "<group>";
		};
		DD40F8E51D4723A500AA2A29 /* Products */ = {
			isa = PBXGroup;
			children = (
				DD40F8E41D4723A500AA2A29 /* ATToolBar.app */,
			);
			name = Products;
			sourceTree = "<group>";
		};
		DD40F8E61D4723A500AA2A29 /* ATToolBar */ = {
			isa = PBXGroup;
			children = (
				DD40F9021D4723E900AA2A29 /* ATToolBar */,
				DD40F8EA1D4723A500AA2A29 /* AppDelegate.h */,
				DD40F8EB1D4723A500AA2A29 /* AppDelegate.m */,
				DD40F8ED1D4723A500AA2A29 /* ViewController.h */,
				DD40F8EE1D4723A500AA2A29 /* ViewController.m */,
				DD40F8F01D4723A500AA2A29 /* Main.storyboard */,
				DD40F8F31D4723A500AA2A29 /* Assets.xcassets */,
				DD40F8F51D4723A500AA2A29 /* LaunchScreen.storyboard */,
				DD40F8F81D4723A500AA2A29 /* Info.plist */,
				DD40F8E71D4723A500AA2A29 /* Supporting Files */,
			);
			path = ATToolBar;
			sourceTree = "<group>";
		};
		DD40F8E71D4723A500AA2A29 /* Supporting Files */ = {
			isa = PBXGroup;
			children = (
				DD40F8E81D4723A500AA2A29 /* main.m */,
			);
			name = "Supporting Files";
			sourceTree = "<group>";
		};
		DD40F9021D4723E900AA2A29 /* ATToolBar */ = {
			isa = PBXGroup;
			children = (
				DD40F9031D4723E900AA2A29 /* ATToolBar.h */,
				DD40F9041D4723E900AA2A29 /* ATToolBar.m */,
			);
			path = ATToolBar;
			sourceTree = "<group>";
		};
/* End PBXGroup section */

/* Begin PBXNativeTarget section */
		DD40F8E31D4723A500AA2A29 /* ATToolBar */ = {
			isa = PBXNativeTarget;
			buildConfigurationList = DD40F8FB1D4723A500AA2A29 /* Build configuration list for PBXNativeTarget "ATToolBar" */;
			buildPhases = (
				DD40F8E01D4723A500AA2A29 /* Sources */,
				DD40F8E11D4723A500AA2A29 /* Frameworks */,
				DD40F8E21D4723A500AA2A29 /* Resources */,
			);
			buildRules = (
			);
			dependencies = (
			);
			name = ATToolBar;
			productName = ATToolBar;
			productReference = DD40F8E41D4723A500AA2A29 /* ATToolBar.app */;
			productType = "com.apple.product-type.application";
		};
/* End PBXNativeTarget section */

/* Begin PBXProject section */
		DD40F8DC1D4723A500AA2A29 /* Project object */ = {
			isa = PBXProject;
			attributes = {
				LastUpgradeCheck = 0730;
				ORGANIZATIONNAME = "Titan Studio";
				TargetAttributes = {
					DD40F8E31D4723A500AA2A29 = {
						CreatedOnToolsVersion = 7.3.1;
						DevelopmentTeam = 6C36HX8DP4;
					};
				};
			};
			buildConfigurationList = DD40F8DF1D4723A500AA2A29 /* Build configuration list for PBXProject "ATToolBar" */;
			compatibilityVersion = "Xcode 3.2";
			developmentRegion = English;
			hasScannedForEncodings = 0;
			knownRegions = (
				en,
				Base,
			);
			mainGroup = DD40F8DB1D4723A500AA2A29;
			productRefGroup = DD40F8E51D4723A500AA2A29 /* Products */;
			projectDirPath = "";
			projectRoot = "";
			targets = (
				DD40F8E31D4723A500AA2A29 /* ATToolBar */,
			);
		};
/* End PBXProject section */

/* Begin PBXResourcesBuildPhase section */
		DD40F8E21D4723A500AA2A29 /* Resources */ = {
			isa = PBXResourcesBuildPhase;
			buildActionMask = 2147483647;
			files = (
				DD40F8F71D4723A500AA2A29 /* LaunchScreen.storyboard in Resources */,
				DD40F8F41D4723A500AA2A29 /* Assets.xcassets in Resources */,
				DD40F8F21D4723A500AA2A29 /* Main.storyboard in Resources */,
			);
			runOnlyForDeploymentPostprocessing = 0;
		};
/* End PBXResourcesBuildPhase section */

/* Begin PBXSourcesBuildPhase section */
		DD40F8E01D4723A500AA2A29 /* Sources */ = {
			isa = PBXSourcesBuildPhase;
			buildActionMask = 2147483647;
			files = (
				DD40F8EF1D4723A500AA2A29 /* ViewController.m in Sources */,
				DD40F8EC1D4723A500AA2A29 /* AppDelegate.m in Sources */,
				DD40F9051D4723E900AA2A29 /* ATToolBar.m in Sources */,
				DD40F8E91D4723A500AA2A29 /* main.m in Sources */,
			);
			runOnlyForDeploymentPostprocessing = 0;
		};
/* End PBXSourcesBuildPhase section */

/* Begin PBXVariantGroup section */
		DD40F8F01D4723A500AA2A29 /* Main.storyboard */ = {
			isa = PBXVariantGroup;
			children = (
				DD40F8F11D4723A500AA2A29 /* Base */,
			);
			name = Main.storyboard;
			sourceTree = "<group>";
		};
		DD40F8F51D4723A500AA2A29 /* LaunchScreen.storyboard */ = {
			isa = PBXVariantGroup;
			children = (
				DD40F8F61D4723A500AA2A29 /* Base */,
			);
			name = LaunchScreen.storyboard;
			sourceTree = "<group>";
		};
/* End PBXVariantGroup section */

/* Begin XCBuildConfiguration section */
		DD40F8F91D4723A500AA2A29 /* Debug */ = {
			isa = XCBuildConfiguration;
			buildSettings = {
				ALWAYS_SEARCH_USER_PATHS = NO;
				CLANG_ANALYZER_NONNULL = YES;
				CLANG_CXX_LANGUAGE_STANDARD = "gnu++0x";
				CLANG_CXX_LIBRARY = "libc++";
				CLANG_ENABLE_MODULES = YES;
				CLANG_ENABLE_OBJC_ARC = YES;
				CLANG_WARN_BOOL_CONVERSION = YES;
				CLANG_WARN_CONSTANT_CONVERSION = YES;
				CLANG_WARN_DIRECT_OBJC_ISA_USAGE = YES_ERROR;
				CLANG_WARN_EMPTY_BODY = YES;
				CLANG_WARN_ENUM_CONVERSION = YES;
				CLANG_WARN_INT_CONVERSION = YES;
				CLANG_WARN_OBJC_ROOT_CLASS = YES_ERROR;
				CLANG_WARN_UNREACHABLE_CODE = YES;
				CLANG_WARN__DUPLICATE_METHOD_MATCH = YES;
				"CODE_SIGN_IDENTITY[sdk=iphoneos*]" = "iPhone Developer";
				COPY_PHASE_STRIP = NO;
				DEBUG_INFORMATION_FORMAT = dwarf;
				ENABLE_STRICT_OBJC_MSGSEND = YES;
				ENABLE_TESTABILITY = YES;
				GCC_C_LANGUAGE_STANDARD = gnu99;
				GCC_DYNAMIC_NO_PIC = NO;
				GCC_NO_COMMON_BLOCKS = YES;
				GCC_OPTIMIZATION_LEVEL = 0;
				GCC_PREPROCESSOR_DEFINITIONS = (
					"DEBUG=1",
					"$(inherited)",
				);
				GCC_WARN_64_TO_32_BIT_CONVERSION = YES;
				GCC_WARN_ABOUT_RETURN_TYPE = YES_ERROR;
				GCC_WARN_UNDECLARED_SELECTOR = YES;
				GCC_WARN_UNINITIALIZED_AUTOS = YES_AGGRESSIVE;
				GCC_WARN_UNUSED_FUNCTION = YES;
				GCC_WARN_UNUSED_VARIABLE = YES;
				IPHONEOS_DEPLOYMENT_TARGET = 9.3;
				MTL_ENABLE_DEBUG_INFO = YES;
				ONLY_ACTIVE_ARCH = YES;
				SDKROOT = iphoneos;
				TARGETED_DEVICE_FAMILY = "1,2";
			};
			name = Debug;
		};
		DD40F8FA1D4723A500AA2A29 /* Release */ = {
			isa = XCBuildConfiguration;
			buildSettings = {
				ALWAYS_SEARCH_USER_PATHS = NO;
				CLANG_ANALYZER_NONNULL = YES;
				CLANG_CXX_LANGUAGE_STANDARD = "gnu++0x";
				CLANG_CXX_LIBRARY = "libc++";
				CLANG_ENABLE_MODULES = YES;
				CLANG_ENABLE_OBJC_ARC = YES;
				CLANG_WARN_BOOL_CONVERSION = YES;
				CLANG_WARN_CONSTANT_CONVERSION = YES;
				CLANG_WARN_DIRECT_OBJC_ISA_USAGE = YES_ERROR;
				CLANG_WARN_EMPTY_BODY = YES;
				CLANG_WARN_ENUM_CONVERSION = YES;
				CLANG_WARN_INT_CONVERSION = YES;
				CLANG_WARN_OBJC_ROOT_CLASS = YES_ERROR;
				CLANG_WARN_UNREACHABLE_CODE = YES;
				CLANG_WARN__DUPLICATE_METHOD_MATCH = YES;
				"CODE_SIGN_IDENTITY[sdk=iphoneos*]" = "iPhone Developer";
				COPY_PHASE_STRIP = NO;
				DEBUG_INFORMATION_FORMAT = "dwarf-with-dsym";
				ENABLE_NS_ASSERTIONS = NO;
				ENABLE_STRICT_OBJC_MSGSEND = YES;
				GCC_C_LANGUAGE_STANDARD = gnu99;
				GCC_NO_COMMON_BLOCKS = YES;
				GCC_WARN_64_TO_32_BIT_CONVERSION = YES;
				GCC_WARN_ABOUT_RETURN_TYPE = YES_ERROR;
				GCC_WARN_UNDECLARED_SELECTOR = YES;
				GCC_WARN_UNINITIALIZED_AUTOS = YES_AGGRESSIVE;
				GCC_WARN_UNUSED_FUNCTION = YES;
				GCC_WARN_UNUSED_VARIABLE = YES;
				IPHONEOS_DEPLOYMENT_TARGET = 9.3;
				MTL_ENABLE_DEBUG_INFO = NO;
				SDKROOT = iphoneos;
				TARGETED_DEVICE_FAMILY = "1,2";
				VALIDATE_PRODUCT = YES;
			};
			name = Release;
		};
		DD40F8FC1D4723A500AA2A29 /* Debug */ = {
			isa = XCBuildConfiguration;
			buildSettings = {
				ASSETCATALOG_COMPILER_APPICON_NAME = AppIcon;
				INFOPLIST_FILE = ATToolBar/Info.plist;
				LD_RUNPATH_SEARCH_PATHS = "$(inherited) @executable_path/Frameworks";
				PRODUCT_BUNDLE_IDENTIFIER = io.github.titanstudio.ATToolBar;
				PRODUCT_NAME = "$(TARGET_NAME)";
			};
			name = Debug;
		};
		DD40F8FD1D4723A500AA2A29 /* Release */ = {
			isa = XCBuildConfiguration;
			buildSettings = {
				ASSETCATALOG_COMPILER_APPICON_NAME = AppIcon;
				INFOPLIST_FILE = ATToolBar/Info.plist;
				LD_RUNPATH_SEARCH_PATHS = "$(inherited) @executable_path/Frameworks";
				PRODUCT_BUNDLE_IDENTIFIER = io.github.titanstudio.ATToolBar;
				PRODUCT_NAME = "$(TARGET_NAME)";
			};
			name = Release;
		};
/* End XCBuildConfiguration section */

/* Begin XCConfigurationList section */
		DD40F8DF1D4723A500AA2A29 /* Build configuration list for PBXProject "ATToolBar" */ = {
			isa = XCConfigurationList;
			buildConfigurations = (
				DD40F8F91D4723A500AA2A29 /* Debug */,
				DD40F8FA1D4723A500AA2A29 /* Release */,
			);
			defaultConfigurationIsVisible = 0;
			defaultConfigurationName = Release;
		};
		DD40F8FB1D4723A500AA2A29 /* Build configuration list for PBXNativeTarget "ATToolBar" */ = {
			isa = XCConfigurationList;
			buildConfigurations = (
				DD40F8FC1D4723A500AA2A29 /* Debug */,
				DD40F8FD1D4723A500AA2A29 /* Release */,
			);
			defaultConfigurationIsVisible = 0;
		};
/* End XCConfigurationList section */
	};
	rootObject = DD40F8DC1D4723A500AA2A29 /* Project object */;
}
